
Microsoft Visual Studio Solution File, Format Version 12.00
# Visual Studio Version 17
VisualStudioVersion = 17.0.31903.59
MinimumVisualStudioVersion = 10.0.40219.1
Project("{FAE04EC0-301F-11D3-BF4B-00C04F79EFBC}") = "Lab-6", "Lab-6\Lab-6.csproj", "{F4F93925-B500-4800-951A-F12D73348840}"
EndProject
Project("{FAE04EC0-301F-11D3-BF4B-00C04F79EFBC}") = "lab-7", "lab-7\lab-7.csproj", "{36F1DE7B-AE76-444A-97C5-C74B5ADEE4A8}"
EndProject
Global
	GlobalSection(SolutionConfigurationPlatforms) = preSolution
		Debug|Any CPU = Debug|Any CPU
		Release|Any CPU = Release|Any CPU
	EndGlobalSection
	GlobalSection(SolutionProperties) = preSolution
		HideSolutionNode = FALSE
	EndGlobalSection
	GlobalSection(ProjectConfigurationPlatforms) = postSolution
		{F4F93925-B500-4800-951A-F12D73348840}.Debug|Any CPU.ActiveCfg = Debug|Any CPU
		{F4F93925-B500-4800-951A-F12D73348840}.Debug|Any CPU.Build.0 = Debug|Any CPU
		{F4F93925-B500-4800-951A-F12D73348840}.Release|Any CPU.ActiveCfg = Release|Any CPU
		{F4F93925-B500-4800-951A-F12D73348840}.Release|Any CPU.Build.0 = Release|Any CPU
		{36F1DE7B-AE76-444A-97C5-C74B5ADEE4A8}.Debug|Any CPU.ActiveCfg = Debug|Any CPU
		{36F1DE7B-AE76-444A-97C5-C74B5ADEE4A8}.Debug|Any CPU.Build.0 = Debug|Any CPU
		{36F1DE7B-AE76-444A-97C5-C74B5ADEE4A8}.Release|Any CPU.ActiveCfg = Release|Any CPU
		{36F1DE7B-AE76-444A-97C5-C74B5ADEE4A8}.Release|Any CPU.Build.0 = Release|Any CPU
	EndGlobalSection
EndGlobal
