
Microsoft Visual Studio Solution File, Format Version 12.00
# Visual Studio Version 17
VisualStudioVersion = 17.0.31903.59
MinimumVisualStudioVersion = 10.0.40219.1
Project("{FAE04EC0-301F-11D3-BF4B-00C04F79EFBC}") = "ConsoleApp1", "ConsoleApp1\ConsoleApp1.csproj", "{60B24CBF-A2A6-4741-9CAE-F24EAA6FB5CA}"
EndProject
Project("{FAE04EC0-301F-11D3-BF4B-00C04F79EFBC}") = "Jakub", "Jakub\Jakub.csproj", "{74F38F20-4345-4A22-927C-02566214C6B6}"
EndProject
Global
	GlobalSection(SolutionConfigurationPlatforms) = preSolution
		Debug|Any CPU = Debug|Any CPU
		Release|Any CPU = Release|Any CPU
	EndGlobalSection
	GlobalSection(SolutionProperties) = preSolution
		HideSolutionNode = FALSE
	EndGlobalSection
	GlobalSection(ProjectConfigurationPlatforms) = postSolution
		{60B24CBF-A2A6-4741-9CAE-F24EAA6FB5CA}.Debug|Any CPU.ActiveCfg = Debug|Any CPU
		{60B24CBF-A2A6-4741-9CAE-F24EAA6FB5CA}.Debug|Any CPU.Build.0 = Debug|Any CPU
		{60B24CBF-A2A6-4741-9CAE-F24EAA6FB5CA}.Release|Any CPU.ActiveCfg = Release|Any CPU
		{60B24CBF-A2A6-4741-9CAE-F24EAA6FB5CA}.Release|Any CPU.Build.0 = Release|Any CPU
		{74F38F20-4345-4A22-927C-02566214C6B6}.Debug|Any CPU.ActiveCfg = Debug|Any CPU
		{74F38F20-4345-4A22-927C-02566214C6B6}.Debug|Any CPU.Build.0 = Debug|Any CPU
		{74F38F20-4345-4A22-927C-02566214C6B6}.Release|Any CPU.ActiveCfg = Release|Any CPU
		{74F38F20-4345-4A22-927C-02566214C6B6}.Release|Any CPU.Build.0 = Release|Any CPU
	EndGlobalSection
EndGlobal
