
Microsoft Visual Studio Solution File, Format Version 12.00
# Visual Studio Version 17
VisualStudioVersion = 17.0.31903.59
MinimumVisualStudioVersion = 10.0.40219.1
Project("{FAE04EC0-301F-11D3-BF4B-00C04F79EFBC}") = "main", "main\main.csproj", "{A34D4F8C-76CF-4ED9-A326-66C135DBD6BD}"
EndProject
Global
	GlobalSection(SolutionConfigurationPlatforms) = preSolution
		Debug|Any CPU = Debug|Any CPU
		Release|Any CPU = Release|Any CPU
	EndGlobalSection
	GlobalSection(SolutionProperties) = preSolution
		HideSolutionNode = FALSE
	EndGlobalSection
	GlobalSection(ProjectConfigurationPlatforms) = postSolution
		{A34D4F8C-76CF-4ED9-A326-66C135DBD6BD}.Debug|Any CPU.ActiveCfg = Debug|Any CPU
		{A34D4F8C-76CF-4ED9-A326-66C135DBD6BD}.Debug|Any CPU.Build.0 = Debug|Any CPU
		{A34D4F8C-76CF-4ED9-A326-66C135DBD6BD}.Release|Any CPU.ActiveCfg = Release|Any CPU
		{A34D4F8C-76CF-4ED9-A326-66C135DBD6BD}.Release|Any CPU.Build.0 = Release|Any CPU
	EndGlobalSection
EndGlobal
